
Microsoft Visual Studio Solution File, Format Version 11.00
# Visual Studio 2010
Project("{FAE04EC0-301F-11D3-BF4B-00C04F79EFBC}") = "CDTag", "CDTag\CDTag.csproj", "{35BE5621-407A-4A62-82A4-C984D16AEAFD}"
EndProject
Project("{FAE04EC0-301F-11D3-BF4B-00C04F79EFBC}") = "IdSharp.Common", "..\IdSharp\IdSharp.Common\IdSharp.Common.csproj", "{1C83FB63-E16E-4380-9DD0-26E1799C417D}"
EndProject
Project("{FAE04EC0-301F-11D3-BF4B-00C04F79EFBC}") = "IdSharp.Tagging", "..\IdSharp\IdSharp.Tagging\IdSharp.Tagging.csproj", "{A4BC39D2-FB08-4DCE-B485-0F49D21B106D}"
EndProject
Project("{FAE04EC0-301F-11D3-BF4B-00C04F79EFBC}") = "IdSharp.AudioInfo", "..\IdSharp\IdSharp.AudioInfo\IdSharp.AudioInfo.csproj", "{136F9938-42FC-4C63-B76E-9DAAD3A63864}"
EndProject
Project("{FAE04EC0-301F-11D3-BF4B-00C04F79EFBC}") = "CDTag.FileBrowser", "CDTag.FileBrowser\CDTag.FileBrowser.csproj", "{B72F279B-331E-4F26-9927-FFADB15B7395}"
EndProject
Project("{FAE04EC0-301F-11D3-BF4B-00C04F79EFBC}") = "CDTag.Common", "CDTag.Common\CDTag.Common.csproj", "{5D4DFAF4-4F2D-4713-9F96-7CAB7759E34C}"
EndProject
Project("{FAE04EC0-301F-11D3-BF4B-00C04F79EFBC}") = "IdSharp.WebLookup", "..\IdSharp\IdSharp.WebLookup\IdSharp.WebLookup.csproj", "{ECEAC3FF-2F1E-4E89-ADD5-2F048ECC5B2A}"
EndProject
Project("{2150E333-8FDC-42A3-9474-1A3956D46DE8}") = "Tests", "Tests", "{3B1FF4BE-6DA3-4ADC-9A63-8FF1D631077B}"
EndProject
Project("{2150E333-8FDC-42A3-9474-1A3956D46DE8}") = "IdSharp", "IdSharp", "{A8216255-9F9B-4955-94F7-4C434E6E365E}"
EndProject
Project("{FAE04EC0-301F-11D3-BF4B-00C04F79EFBC}") = "IdSharp.Common.Tests", "..\IdSharp\Tests\IdSharp.Common.Tests\IdSharp.Common.Tests.csproj", "{42E5D8F0-5A3C-44BA-9742-256512EE38B0}"
EndProject
Project("{2150E333-8FDC-42A3-9474-1A3956D46DE8}") = "CDTag", "CDTag", "{FC0EA93F-3491-4D3F-A4CF-71D48E818B8F}"
EndProject
Project("{2150E333-8FDC-42A3-9474-1A3956D46DE8}") = "IdSharp", "IdSharp", "{D580327D-47B0-4102-8DB2-5C480A278622}"
EndProject
Project("{FAE04EC0-301F-11D3-BF4B-00C04F79EFBC}") = "CDTag.ViewModel", "CDTag.ViewModel\CDTag.ViewModel.csproj", "{5B90F658-10CD-4829-BA0F-FD8B972733C2}"
EndProject
Project("{FAE04EC0-301F-11D3-BF4B-00C04F79EFBC}") = "CDTag.Model", "CDTag.Model\CDTag.Model.csproj", "{24732BDC-95F9-497C-93A9-89634D8C1E06}"
EndProject
Project("{FAE04EC0-301F-11D3-BF4B-00C04F79EFBC}") = "CDTag.View.Interfaces", "CDTag.View.Interfaces\CDTag.View.Interfaces.csproj", "{B28B82E3-F2AF-455D-A309-C2CE687FD530}"
EndProject
Project("{FAE04EC0-301F-11D3-BF4B-00C04F79EFBC}") = "CDTag.Controls", "CDTag.Controls\CDTag.Controls.csproj", "{3FF588D9-76B6-42FC-9664-39E858A940FE}"
EndProject
Project("{2150E333-8FDC-42A3-9474-1A3956D46DE8}") = "CDTag", "CDTag", "{C7994747-3114-4487-830F-B4D15BF4ACF8}"
EndProject
Project("{FAE04EC0-301F-11D3-BF4B-00C04F79EFBC}") = "CDTag.Common.Tests", "Tests\CDTag.Common.Tests\CDTag.Common.Tests.csproj", "{5A07C950-938C-4B04-84C5-95B4B9896B0D}"
EndProject
Project("{FAE04EC0-301F-11D3-BF4B-00C04F79EFBC}") = "CDTag.View", "CDTag.View\CDTag.View.csproj", "{0AFCD01F-7FCE-4396-9F3A-13B4EC1C7FBF}"
EndProject
Global
	GlobalSection(SolutionConfigurationPlatforms) = preSolution
		Debug|Any CPU = Debug|Any CPU
		Debug|Mixed Platforms = Debug|Mixed Platforms
		Debug|x86 = Debug|x86
		Release|Any CPU = Release|Any CPU
		Release|Mixed Platforms = Release|Mixed Platforms
		Release|x86 = Release|x86
	EndGlobalSection
	GlobalSection(ProjectConfigurationPlatforms) = postSolution
		{35BE5621-407A-4A62-82A4-C984D16AEAFD}.Debug|Any CPU.ActiveCfg = Debug|x86
		{35BE5621-407A-4A62-82A4-C984D16AEAFD}.Debug|Mixed Platforms.ActiveCfg = Debug|x86
		{35BE5621-407A-4A62-82A4-C984D16AEAFD}.Debug|Mixed Platforms.Build.0 = Debug|x86
		{35BE5621-407A-4A62-82A4-C984D16AEAFD}.Debug|x86.ActiveCfg = Debug|x86
		{35BE5621-407A-4A62-82A4-C984D16AEAFD}.Debug|x86.Build.0 = Debug|x86
		{35BE5621-407A-4A62-82A4-C984D16AEAFD}.Release|Any CPU.ActiveCfg = Release|x86
		{35BE5621-407A-4A62-82A4-C984D16AEAFD}.Release|Mixed Platforms.ActiveCfg = Release|x86
		{35BE5621-407A-4A62-82A4-C984D16AEAFD}.Release|Mixed Platforms.Build.0 = Release|x86
		{35BE5621-407A-4A62-82A4-C984D16AEAFD}.Release|x86.ActiveCfg = Release|x86
		{35BE5621-407A-4A62-82A4-C984D16AEAFD}.Release|x86.Build.0 = Release|x86
		{1C83FB63-E16E-4380-9DD0-26E1799C417D}.Debug|Any CPU.ActiveCfg = Debug|Any CPU
		{1C83FB63-E16E-4380-9DD0-26E1799C417D}.Debug|Any CPU.Build.0 = Debug|Any CPU
		{1C83FB63-E16E-4380-9DD0-26E1799C417D}.Debug|Mixed Platforms.ActiveCfg = Debug|Any CPU
		{1C83FB63-E16E-4380-9DD0-26E1799C417D}.Debug|Mixed Platforms.Build.0 = Debug|Any CPU
		{1C83FB63-E16E-4380-9DD0-26E1799C417D}.Debug|x86.ActiveCfg = Debug|Any CPU
		{1C83FB63-E16E-4380-9DD0-26E1799C417D}.Release|Any CPU.ActiveCfg = Release|Any CPU
		{1C83FB63-E16E-4380-9DD0-26E1799C417D}.Release|Any CPU.Build.0 = Release|Any CPU
		{1C83FB63-E16E-4380-9DD0-26E1799C417D}.Release|Mixed Platforms.ActiveCfg = Release|Any CPU
		{1C83FB63-E16E-4380-9DD0-26E1799C417D}.Release|Mixed Platforms.Build.0 = Release|Any CPU
		{1C83FB63-E16E-4380-9DD0-26E1799C417D}.Release|x86.ActiveCfg = Release|Any CPU
		{A4BC39D2-FB08-4DCE-B485-0F49D21B106D}.Debug|Any CPU.ActiveCfg = Debug|Any CPU
		{A4BC39D2-FB08-4DCE-B485-0F49D21B106D}.Debug|Any CPU.Build.0 = Debug|Any CPU
		{A4BC39D2-FB08-4DCE-B485-0F49D21B106D}.Debug|Mixed Platforms.ActiveCfg = Debug|Any CPU
		{A4BC39D2-FB08-4DCE-B485-0F49D21B106D}.Debug|Mixed Platforms.Build.0 = Debug|Any CPU
		{A4BC39D2-FB08-4DCE-B485-0F49D21B106D}.Debug|x86.ActiveCfg = Debug|Any CPU
		{A4BC39D2-FB08-4DCE-B485-0F49D21B106D}.Release|Any CPU.ActiveCfg = Release|Any CPU
		{A4BC39D2-FB08-4DCE-B485-0F49D21B106D}.Release|Any CPU.Build.0 = Release|Any CPU
		{A4BC39D2-FB08-4DCE-B485-0F49D21B106D}.Release|Mixed Platforms.ActiveCfg = Release|Any CPU
		{A4BC39D2-FB08-4DCE-B485-0F49D21B106D}.Release|Mixed Platforms.Build.0 = Release|Any CPU
		{A4BC39D2-FB08-4DCE-B485-0F49D21B106D}.Release|x86.ActiveCfg = Release|Any CPU
		{136F9938-42FC-4C63-B76E-9DAAD3A63864}.Debug|Any CPU.ActiveCfg = Debug|Any CPU
		{136F9938-42FC-4C63-B76E-9DAAD3A63864}.Debug|Any CPU.Build.0 = Debug|Any CPU
		{136F9938-42FC-4C63-B76E-9DAAD3A63864}.Debug|Mixed Platforms.ActiveCfg = Debug|Any CPU
		{136F9938-42FC-4C63-B76E-9DAAD3A63864}.Debug|Mixed Platforms.Build.0 = Debug|Any CPU
		{136F9938-42FC-4C63-B76E-9DAAD3A63864}.Debug|x86.ActiveCfg = Debug|Any CPU
		{136F9938-42FC-4C63-B76E-9DAAD3A63864}.Release|Any CPU.ActiveCfg = Release|Any CPU
		{136F9938-42FC-4C63-B76E-9DAAD3A63864}.Release|Any CPU.Build.0 = Release|Any CPU
		{136F9938-42FC-4C63-B76E-9DAAD3A63864}.Release|Mixed Platforms.ActiveCfg = Release|Any CPU
		{136F9938-42FC-4C63-B76E-9DAAD3A63864}.Release|Mixed Platforms.Build.0 = Release|Any CPU
		{136F9938-42FC-4C63-B76E-9DAAD3A63864}.Release|x86.ActiveCfg = Release|Any CPU
		{B72F279B-331E-4F26-9927-FFADB15B7395}.Debug|Any CPU.ActiveCfg = Debug|Any CPU
		{B72F279B-331E-4F26-9927-FFADB15B7395}.Debug|Any CPU.Build.0 = Debug|Any CPU
		{B72F279B-331E-4F26-9927-FFADB15B7395}.Debug|Mixed Platforms.ActiveCfg = Debug|Any CPU
		{B72F279B-331E-4F26-9927-FFADB15B7395}.Debug|Mixed Platforms.Build.0 = Debug|Any CPU
		{B72F279B-331E-4F26-9927-FFADB15B7395}.Debug|x86.ActiveCfg = Debug|Any CPU
		{B72F279B-331E-4F26-9927-FFADB15B7395}.Release|Any CPU.ActiveCfg = Release|Any CPU
		{B72F279B-331E-4F26-9927-FFADB15B7395}.Release|Any CPU.Build.0 = Release|Any CPU
		{B72F279B-331E-4F26-9927-FFADB15B7395}.Release|Mixed Platforms.ActiveCfg = Release|Any CPU
		{B72F279B-331E-4F26-9927-FFADB15B7395}.Release|Mixed Platforms.Build.0 = Release|Any CPU
		{B72F279B-331E-4F26-9927-FFADB15B7395}.Release|x86.ActiveCfg = Release|Any CPU
		{5D4DFAF4-4F2D-4713-9F96-7CAB7759E34C}.Debug|Any CPU.ActiveCfg = Debug|Any CPU
		{5D4DFAF4-4F2D-4713-9F96-7CAB7759E34C}.Debug|Any CPU.Build.0 = Debug|Any CPU
		{5D4DFAF4-4F2D-4713-9F96-7CAB7759E34C}.Debug|Mixed Platforms.ActiveCfg = Debug|Any CPU
		{5D4DFAF4-4F2D-4713-9F96-7CAB7759E34C}.Debug|Mixed Platforms.Build.0 = Debug|Any CPU
		{5D4DFAF4-4F2D-4713-9F96-7CAB7759E34C}.Debug|x86.ActiveCfg = Debug|Any CPU
		{5D4DFAF4-4F2D-4713-9F96-7CAB7759E34C}.Release|Any CPU.ActiveCfg = Release|Any CPU
		{5D4DFAF4-4F2D-4713-9F96-7CAB7759E34C}.Release|Any CPU.Build.0 = Release|Any CPU
		{5D4DFAF4-4F2D-4713-9F96-7CAB7759E34C}.Release|Mixed Platforms.ActiveCfg = Release|Any CPU
		{5D4DFAF4-4F2D-4713-9F96-7CAB7759E34C}.Release|Mixed Platforms.Build.0 = Release|Any CPU
		{5D4DFAF4-4F2D-4713-9F96-7CAB7759E34C}.Release|x86.ActiveCfg = Release|Any CPU
		{ECEAC3FF-2F1E-4E89-ADD5-2F048ECC5B2A}.Debug|Any CPU.ActiveCfg = Debug|Any CPU
		{ECEAC3FF-2F1E-4E89-ADD5-2F048ECC5B2A}.Debug|Any CPU.Build.0 = Debug|Any CPU
		{ECEAC3FF-2F1E-4E89-ADD5-2F048ECC5B2A}.Debug|Mixed Platforms.ActiveCfg = Debug|Any CPU
		{ECEAC3FF-2F1E-4E89-ADD5-2F048ECC5B2A}.Debug|Mixed Platforms.Build.0 = Debug|Any CPU
		{ECEAC3FF-2F1E-4E89-ADD5-2F048ECC5B2A}.Debug|x86.ActiveCfg = Debug|Any CPU
		{ECEAC3FF-2F1E-4E89-ADD5-2F048ECC5B2A}.Release|Any CPU.ActiveCfg = Release|Any CPU
		{ECEAC3FF-2F1E-4E89-ADD5-2F048ECC5B2A}.Release|Any CPU.Build.0 = Release|Any CPU
		{ECEAC3FF-2F1E-4E89-ADD5-2F048ECC5B2A}.Release|Mixed Platforms.ActiveCfg = Release|Any CPU
		{ECEAC3FF-2F1E-4E89-ADD5-2F048ECC5B2A}.Release|Mixed Platforms.Build.0 = Release|Any CPU
		{ECEAC3FF-2F1E-4E89-ADD5-2F048ECC5B2A}.Release|x86.ActiveCfg = Release|Any CPU
		{42E5D8F0-5A3C-44BA-9742-256512EE38B0}.Debug|Any CPU.ActiveCfg = Debug|Any CPU
		{42E5D8F0-5A3C-44BA-9742-256512EE38B0}.Debug|Any CPU.Build.0 = Debug|Any CPU
		{42E5D8F0-5A3C-44BA-9742-256512EE38B0}.Debug|Mixed Platforms.ActiveCfg = Debug|Any CPU
		{42E5D8F0-5A3C-44BA-9742-256512EE38B0}.Debug|Mixed Platforms.Build.0 = Debug|Any CPU
		{42E5D8F0-5A3C-44BA-9742-256512EE38B0}.Debug|x86.ActiveCfg = Debug|Any CPU
		{42E5D8F0-5A3C-44BA-9742-256512EE38B0}.Release|Any CPU.ActiveCfg = Release|Any CPU
		{42E5D8F0-5A3C-44BA-9742-256512EE38B0}.Release|Any CPU.Build.0 = Release|Any CPU
		{42E5D8F0-5A3C-44BA-9742-256512EE38B0}.Release|Mixed Platforms.ActiveCfg = Release|Any CPU
		{42E5D8F0-5A3C-44BA-9742-256512EE38B0}.Release|Mixed Platforms.Build.0 = Release|Any CPU
		{42E5D8F0-5A3C-44BA-9742-256512EE38B0}.Release|x86.ActiveCfg = Release|Any CPU
		{5B90F658-10CD-4829-BA0F-FD8B972733C2}.Debug|Any CPU.ActiveCfg = Debug|Any CPU
		{5B90F658-10CD-4829-BA0F-FD8B972733C2}.Debug|Any CPU.Build.0 = Debug|Any CPU
		{5B90F658-10CD-4829-BA0F-FD8B972733C2}.Debug|Mixed Platforms.ActiveCfg = Debug|Any CPU
		{5B90F658-10CD-4829-BA0F-FD8B972733C2}.Debug|Mixed Platforms.Build.0 = Debug|Any CPU
		{5B90F658-10CD-4829-BA0F-FD8B972733C2}.Debug|x86.ActiveCfg = Debug|Any CPU
		{5B90F658-10CD-4829-BA0F-FD8B972733C2}.Release|Any CPU.ActiveCfg = Release|Any CPU
		{5B90F658-10CD-4829-BA0F-FD8B972733C2}.Release|Any CPU.Build.0 = Release|Any CPU
		{5B90F658-10CD-4829-BA0F-FD8B972733C2}.Release|Mixed Platforms.ActiveCfg = Release|Any CPU
		{5B90F658-10CD-4829-BA0F-FD8B972733C2}.Release|Mixed Platforms.Build.0 = Release|Any CPU
		{5B90F658-10CD-4829-BA0F-FD8B972733C2}.Release|x86.ActiveCfg = Release|Any CPU
		{24732BDC-95F9-497C-93A9-89634D8C1E06}.Debug|Any CPU.ActiveCfg = Debug|Any CPU
		{24732BDC-95F9-497C-93A9-89634D8C1E06}.Debug|Any CPU.Build.0 = Debug|Any CPU
		{24732BDC-95F9-497C-93A9-89634D8C1E06}.Debug|Mixed Platforms.ActiveCfg = Debug|Any CPU
		{24732BDC-95F9-497C-93A9-89634D8C1E06}.Debug|Mixed Platforms.Build.0 = Debug|Any CPU
		{24732BDC-95F9-497C-93A9-89634D8C1E06}.Debug|x86.ActiveCfg = Debug|Any CPU
		{24732BDC-95F9-497C-93A9-89634D8C1E06}.Release|Any CPU.ActiveCfg = Release|Any CPU
		{24732BDC-95F9-497C-93A9-89634D8C1E06}.Release|Any CPU.Build.0 = Release|Any CPU
		{24732BDC-95F9-497C-93A9-89634D8C1E06}.Release|Mixed Platforms.ActiveCfg = Release|Any CPU
		{24732BDC-95F9-497C-93A9-89634D8C1E06}.Release|Mixed Platforms.Build.0 = Release|Any CPU
		{24732BDC-95F9-497C-93A9-89634D8C1E06}.Release|x86.ActiveCfg = Release|Any CPU
		{B28B82E3-F2AF-455D-A309-C2CE687FD530}.Debug|Any CPU.ActiveCfg = Debug|Any CPU
		{B28B82E3-F2AF-455D-A309-C2CE687FD530}.Debug|Any CPU.Build.0 = Debug|Any CPU
		{B28B82E3-F2AF-455D-A309-C2CE687FD530}.Debug|Mixed Platforms.ActiveCfg = Debug|Any CPU
		{B28B82E3-F2AF-455D-A309-C2CE687FD530}.Debug|Mixed Platforms.Build.0 = Debug|Any CPU
		{B28B82E3-F2AF-455D-A309-C2CE687FD530}.Debug|x86.ActiveCfg = Debug|Any CPU
		{B28B82E3-F2AF-455D-A309-C2CE687FD530}.Release|Any CPU.ActiveCfg = Release|Any CPU
		{B28B82E3-F2AF-455D-A309-C2CE687FD530}.Release|Any CPU.Build.0 = Release|Any CPU
		{B28B82E3-F2AF-455D-A309-C2CE687FD530}.Release|Mixed Platforms.ActiveCfg = Release|Any CPU
		{B28B82E3-F2AF-455D-A309-C2CE687FD530}.Release|Mixed Platforms.Build.0 = Release|Any CPU
		{B28B82E3-F2AF-455D-A309-C2CE687FD530}.Release|x86.ActiveCfg = Release|Any CPU
		{3FF588D9-76B6-42FC-9664-39E858A940FE}.Debug|Any CPU.ActiveCfg = Debug|Any CPU
		{3FF588D9-76B6-42FC-9664-39E858A940FE}.Debug|Any CPU.Build.0 = Debug|Any CPU
		{3FF588D9-76B6-42FC-9664-39E858A940FE}.Debug|Mixed Platforms.ActiveCfg = Debug|Any CPU
		{3FF588D9-76B6-42FC-9664-39E858A940FE}.Debug|Mixed Platforms.Build.0 = Debug|Any CPU
		{3FF588D9-76B6-42FC-9664-39E858A940FE}.Debug|x86.ActiveCfg = Debug|Any CPU
		{3FF588D9-76B6-42FC-9664-39E858A940FE}.Release|Any CPU.ActiveCfg = Release|Any CPU
		{3FF588D9-76B6-42FC-9664-39E858A940FE}.Release|Any CPU.Build.0 = Release|Any CPU
		{3FF588D9-76B6-42FC-9664-39E858A940FE}.Release|Mixed Platforms.ActiveCfg = Release|Any CPU
		{3FF588D9-76B6-42FC-9664-39E858A940FE}.Release|Mixed Platforms.Build.0 = Release|Any CPU
		{3FF588D9-76B6-42FC-9664-39E858A940FE}.Release|x86.ActiveCfg = Release|Any CPU
		{5A07C950-938C-4B04-84C5-95B4B9896B0D}.Debug|Any CPU.ActiveCfg = Debug|Any CPU
		{5A07C950-938C-4B04-84C5-95B4B9896B0D}.Debug|Any CPU.Build.0 = Debug|Any CPU
		{5A07C950-938C-4B04-84C5-95B4B9896B0D}.Debug|Mixed Platforms.ActiveCfg = Debug|Any CPU
		{5A07C950-938C-4B04-84C5-95B4B9896B0D}.Debug|Mixed Platforms.Build.0 = Debug|Any CPU
		{5A07C950-938C-4B04-84C5-95B4B9896B0D}.Debug|x86.ActiveCfg = Debug|Any CPU
		{5A07C950-938C-4B04-84C5-95B4B9896B0D}.Release|Any CPU.ActiveCfg = Release|Any CPU
		{5A07C950-938C-4B04-84C5-95B4B9896B0D}.Release|Any CPU.Build.0 = Release|Any CPU
		{5A07C950-938C-4B04-84C5-95B4B9896B0D}.Release|Mixed Platforms.ActiveCfg = Release|Any CPU
		{5A07C950-938C-4B04-84C5-95B4B9896B0D}.Release|Mixed Platforms.Build.0 = Release|Any CPU
		{5A07C950-938C-4B04-84C5-95B4B9896B0D}.Release|x86.ActiveCfg = Release|Any CPU
		{0AFCD01F-7FCE-4396-9F3A-13B4EC1C7FBF}.Debug|Any CPU.ActiveCfg = Debug|Any CPU
		{0AFCD01F-7FCE-4396-9F3A-13B4EC1C7FBF}.Debug|Any CPU.Build.0 = Debug|Any CPU
		{0AFCD01F-7FCE-4396-9F3A-13B4EC1C7FBF}.Debug|Mixed Platforms.ActiveCfg = Debug|Any CPU
		{0AFCD01F-7FCE-4396-9F3A-13B4EC1C7FBF}.Debug|Mixed Platforms.Build.0 = Debug|Any CPU
		{0AFCD01F-7FCE-4396-9F3A-13B4EC1C7FBF}.Debug|x86.ActiveCfg = Debug|Any CPU
		{0AFCD01F-7FCE-4396-9F3A-13B4EC1C7FBF}.Release|Any CPU.ActiveCfg = Release|Any CPU
		{0AFCD01F-7FCE-4396-9F3A-13B4EC1C7FBF}.Release|Any CPU.Build.0 = Release|Any CPU
		{0AFCD01F-7FCE-4396-9F3A-13B4EC1C7FBF}.Release|Mixed Platforms.ActiveCfg = Release|Any CPU
		{0AFCD01F-7FCE-4396-9F3A-13B4EC1C7FBF}.Release|Mixed Platforms.Build.0 = Release|Any CPU
		{0AFCD01F-7FCE-4396-9F3A-13B4EC1C7FBF}.Release|x86.ActiveCfg = Release|Any CPU
	EndGlobalSection
	GlobalSection(SolutionProperties) = preSolution
		HideSolutionNode = FALSE
	EndGlobalSection
	GlobalSection(NestedProjects) = preSolution
		{B72F279B-331E-4F26-9927-FFADB15B7395} = {FC0EA93F-3491-4D3F-A4CF-71D48E818B8F}
		{5D4DFAF4-4F2D-4713-9F96-7CAB7759E34C} = {FC0EA93F-3491-4D3F-A4CF-71D48E818B8F}
		{35BE5621-407A-4A62-82A4-C984D16AEAFD} = {FC0EA93F-3491-4D3F-A4CF-71D48E818B8F}
		{5B90F658-10CD-4829-BA0F-FD8B972733C2} = {FC0EA93F-3491-4D3F-A4CF-71D48E818B8F}
		{24732BDC-95F9-497C-93A9-89634D8C1E06} = {FC0EA93F-3491-4D3F-A4CF-71D48E818B8F}
		{B28B82E3-F2AF-455D-A309-C2CE687FD530} = {FC0EA93F-3491-4D3F-A4CF-71D48E818B8F}
		{3FF588D9-76B6-42FC-9664-39E858A940FE} = {FC0EA93F-3491-4D3F-A4CF-71D48E818B8F}
		{0AFCD01F-7FCE-4396-9F3A-13B4EC1C7FBF} = {FC0EA93F-3491-4D3F-A4CF-71D48E818B8F}
		{A4BC39D2-FB08-4DCE-B485-0F49D21B106D} = {D580327D-47B0-4102-8DB2-5C480A278622}
		{136F9938-42FC-4C63-B76E-9DAAD3A63864} = {D580327D-47B0-4102-8DB2-5C480A278622}
		{ECEAC3FF-2F1E-4E89-ADD5-2F048ECC5B2A} = {D580327D-47B0-4102-8DB2-5C480A278622}
		{1C83FB63-E16E-4380-9DD0-26E1799C417D} = {D580327D-47B0-4102-8DB2-5C480A278622}
		{A8216255-9F9B-4955-94F7-4C434E6E365E} = {3B1FF4BE-6DA3-4ADC-9A63-8FF1D631077B}
		{C7994747-3114-4487-830F-B4D15BF4ACF8} = {3B1FF4BE-6DA3-4ADC-9A63-8FF1D631077B}
		{42E5D8F0-5A3C-44BA-9742-256512EE38B0} = {A8216255-9F9B-4955-94F7-4C434E6E365E}
		{5A07C950-938C-4B04-84C5-95B4B9896B0D} = {C7994747-3114-4487-830F-B4D15BF4ACF8}
	EndGlobalSection
EndGlobal
